
Microsoft Visual Studio Solution File, Format Version 12.00
# Visual Studio Version 16
VisualStudioVersion = 16.0.33423.256
MinimumVisualStudioVersion = 10.0.40219.1
Project("{FAE04EC0-301F-11D3-BF4B-00C04F79EFBC}") = "summer GUI", "summer GUI\summer GUI.csproj", "{9F171153-1BA8-4F64-90FA-04C2B69C1E0C}"
EndProject
Global
	GlobalSection(SolutionConfigurationPlatforms) = preSolution
		Debug|Any CPU = Debug|Any CPU
		Release|Any CPU = Release|Any CPU
	EndGlobalSection
	GlobalSection(ProjectConfigurationPlatforms) = postSolution
		{9F171153-1BA8-4F64-90FA-04C2B69C1E0C}.Debug|Any CPU.ActiveCfg = Debug|Any CPU
		{9F171153-1BA8-4F64-90FA-04C2B69C1E0C}.Debug|Any CPU.Build.0 = Debug|Any CPU
		{9F171153-1BA8-4F64-90FA-04C2B69C1E0C}.Release|Any CPU.ActiveCfg = Release|Any CPU
		{9F171153-1BA8-4F64-90FA-04C2B69C1E0C}.Release|Any CPU.Build.0 = Release|Any CPU
	EndGlobalSection
	GlobalSection(SolutionProperties) = preSolution
		HideSolutionNode = FALSE
	EndGlobalSection
	GlobalSection(ExtensibilityGlobals) = postSolution
		SolutionGuid = {AF47B440-3C84-47EC-9D04-38E90B027F02}
	EndGlobalSection
EndGlobal
